// !$*UTF8*$!
{
	archiveVersion = 1;
	classes = {
	};
	objectVersion = 48;
	objects = {

/* Begin PBXBuildFile section */
		CCDFC1531FA71B6C00D69F4C /* AppDelegate.swift in Sources */ = {isa = PBXBuildFile; fileRef = CCDFC1521FA71B6C00D69F4C /* AppDelegate.swift */; };
		CCDFC1551FA71B6C00D69F4C /* ViewController.swift in Sources */ = {isa = PBXBuildFile; fileRef = CCDFC1541FA71B6C00D69F4C /* ViewController.swift */; };
		CCDFC1571FA71B6C00D69F4C /* Assets.xcassets in Resources */ = {isa = PBXBuildFile; fileRef = CCDFC1561FA71B6C00D69F4C /* Assets.xcassets */; };
		CCDFC15A1FA71B6C00D69F4C /* Main.storyboard in Resources */ = {isa = PBXBuildFile; fileRef = CCDFC1581FA71B6C00D69F4C /* Main.storyboard */; };
/* End PBXBuildFile section */

/* Begin PBXFileReference section */
		CCDFC14F1FA71B6C00D69F4C /* macOS-BeaconCenter.app */ = {isa = PBXFileReference; explicitFileType = wrapper.application; includeInIndex = 0; path = "macOS-BeaconCenter.app"; sourceTree = BUILT_PRODUCTS_DIR; };
		CCDFC1521FA71B6C00D69F4C /* AppDelegate.swift */ = {isa = PBXFileReference; lastKnownFileType = sourcecode.swift; path = AppDelegate.swift; sourceTree = "<group>"; };
		CCDFC1541FA71B6C00D69F4C /* ViewController.swift */ = {isa = PBXFileReference; lastKnownFileType = sourcecode.swift; path = ViewController.swift; sourceTree = "<group>"; };
		CCDFC1561FA71B6C00D69F4C /* Assets.xcassets */ = {isa = PBXFileReference; lastKnownFileType = folder.assetcatalog; path = Assets.xcassets; sourceTree = "<group>"; };
		CCDFC1591FA71B6C00D69F4C /* Base */ = {isa = PBXFileReference; lastKnownFileType = file.storyboard; name = Base; path = Base.lproj/Main.storyboard; sourceTree = "<group>"; };
		CCDFC15B1FA71B6C00D69F4C /* Info.plist */ = {isa = PBXFileReference; lastKnownFileType = text.plist.xml; path = Info.plist; sourceTree = "<group>"; };
		CCDFC15C1FA71B6C00D69F4C /* macOS_BeaconCenter.entitlements */ = {isa = PBXFileReference; lastKnownFileType = text.plist.entitlements; path = macOS_BeaconCenter.entitlements; sourceTree = "<group>"; };
/* End PBXFileReference section */

/* Begin PBXFrameworksBuildPhase section */
		CCDFC14C1FA71B6C00D69F4C /* Frameworks */ = {
			isa = PBXFrameworksBuildPhase;
			buildActionMask = 2147483647;
			files = (
			);
			runOnlyForDeploymentPostprocessing = 0;
		};
/* End PBXFrameworksBuildPhase section */

/* Begin PBXGroup section */
		CCDFC1461FA71B6C00D69F4C = {
			isa = PBXGroup;
			children = (
				CCDFC1511FA71B6C00D69F4C /* macOS-BeaconCenter */,
				CCDFC1501FA71B6C00D69F4C /* Products */,
			);
			sourceTree = "<group>";
		};
		CCDFC1501FA71B6C00D69F4C /* Products */ = {
			isa = PBXGroup;
			children = (
				CCDFC14F1FA71B6C00D69F4C /* macOS-BeaconCenter.app */,
			);
			name = Products;
			sourceTree = "<group>";
		};
		CCDFC1511FA71B6C00D69F4C /* macOS-BeaconCenter */ = {
			isa = PBXGroup;
			children = (
				CCDFC1521FA71B6C00D69F4C /* AppDelegate.swift */,
				CCDFC1541FA71B6C00D69F4C /* ViewController.swift */,
				CCDFC1561FA71B6C00D69F4C /* Assets.xcassets */,
				CCDFC1581FA71B6C00D69F4C /* Main.storyboard */,
				CCDFC15B1FA71B6C00D69F4C /* Info.plist */,
				CCDFC15C1FA71B6C00D69F4C /* macOS_BeaconCenter.entitlements */,
			);
			path = "macOS-BeaconCenter";
			sourceTree = "<group>";
		};
/* End PBXGroup section */

/* Begin PBXNativeTarget section */
		CCDFC14E1FA71B6C00D69F4C /* macOS-BeaconCenter */ = {
			isa = PBXNativeTarget;
			buildConfigurationList = CCDFC15F1FA71B6C00D69F4C /* Build configuration list for PBXNativeTarget "macOS-BeaconCenter" */;
			buildPhases = (
				CCDFC14B1FA71B6C00D69F4C /* Sources */,
				CCDFC14C1FA71B6C00D69F4C /* Frameworks */,
				CCDFC14D1FA71B6C00D69F4C /* Resources */,
			);
			buildRules = (
			);
			dependencies = (
			);
			name = "macOS-BeaconCenter";
			productName = "macOS-BeaconCenter";
			productReference = CCDFC14F1FA71B6C00D69F4C /* macOS-BeaconCenter.app */;
			productType = "com.apple.product-type.application";
		};
/* End PBXNativeTarget section */

/* Begin PBXProject section */
		CCDFC1471FA71B6C00D69F4C /* Project object */ = {
			isa = PBXProject;
			attributes = {
				LastSwiftUpdateCheck = 0900;
				LastUpgradeCheck = 0900;
				ORGANIZATIONNAME = WataruSuzuki;
				TargetAttributes = {
					CCDFC14E1FA71B6C00D69F4C = {
						CreatedOnToolsVersion = 9.0.1;
						ProvisioningStyle = Automatic;
					};
				};
			};
			buildConfigurationList = CCDFC14A1FA71B6C00D69F4C /* Build configuration list for PBXProject "macOS-BeaconCenter" */;
			compatibilityVersion = "Xcode 8.0";
			developmentRegion = en;
			hasScannedForEncodings = 0;
			knownRegions = (
				en,
				Base,
			);
			mainGroup = CCDFC1461FA71B6C00D69F4C;
			productRefGroup = CCDFC1501FA71B6C00D69F4C /* Products */;
			projectDirPath = "";
			projectRoot = "";
			targets = (
				CCDFC14E1FA71B6C00D69F4C /* macOS-BeaconCenter */,
			);
		};
/* End PBXProject section */

/* Begin PBXResourcesBuildPhase section */
		CCDFC14D1FA71B6C00D69F4C /* Resources */ = {
			isa = PBXResourcesBuildPhase;
			buildActionMask = 2147483647;
			files = (
				CCDFC1571FA71B6C00D69F4C /* Assets.xcassets in Resources */,
				CCDFC15A1FA71B6C00D69F4C /* Main.storyboard in Resources */,
			);
			runOnlyForDeploymentPostprocessing = 0;
		};
/* End PBXResourcesBuildPhase section */

/* Begin PBXSourcesBuildPhase section */
		CCDFC14B1FA71B6C00D69F4C /* Sources */ = {
			isa = PBXSourcesBuildPhase;
			buildActionMask = 2147483647;
			files = (
				CCDFC1551FA71B6C00D69F4C /* ViewController.swift in Sources */,
				CCDFC1531FA71B6C00D69F4C /* AppDelegate.swift in Sources */,
			);
			runOnlyForDeploymentPostprocessing = 0;
		};
/* End PBXSourcesBuildPhase section */

/* Begin PBXVariantGroup section */
		CCDFC1581FA71B6C00D69F4C /* Main.storyboard */ = {
			isa = PBXVariantGroup;
			children = (
				CCDFC1591FA71B6C00D69F4C /* Base */,
			);
			name = Main.storyboard;
			sourceTree = "<group>";
		};
/* End PBXVariantGroup section */

/* Begin XCBuildConfiguration section */
		CCDFC15D1FA71B6C00D69F4C /* Debug */ = {
			isa = XCBuildConfiguration;
			buildSettings = {
				ALWAYS_SEARCH_USER_PATHS = NO;
				CLANG_ANALYZER_NONNULL = YES;
				CLANG_ANALYZER_NUMBER_OBJECT_CONVERSION = YES_AGGRESSIVE;
				CLANG_CXX_LANGUAGE_STANDARD = "gnu++14";
				CLANG_CXX_LIBRARY = "libc++";
				CLANG_ENABLE_MODULES = YES;
				CLANG_ENABLE_OBJC_ARC = YES;
				CLANG_WARN_BLOCK_CAPTURE_AUTORELEASING = YES;
				CLANG_WARN_BOOL_CONVERSION = YES;
				CLANG_WARN_COMMA = YES;
				CLANG_WARN_CONSTANT_CONVERSION = YES;
				CLANG_WARN_DIRECT_OBJC_ISA_USAGE = YES_ERROR;
				CLANG_WARN_DOCUMENTATION_COMMENTS = YES;
				CLANG_WARN_EMPTY_BODY = YES;
				CLANG_WARN_ENUM_CONVERSION = YES;
				CLANG_WARN_INFINITE_RECURSION = YES;
				CLANG_WARN_INT_CONVERSION = YES;
				CLANG_WARN_NON_LITERAL_NULL_CONVERSION = YES;
				CLANG_WARN_OBJC_LITERAL_CONVERSION = YES;
				CLANG_WARN_OBJC_ROOT_CLASS = YES_ERROR;
				CLANG_WARN_RANGE_LOOP_ANALYSIS = YES;
				CLANG_WARN_STRICT_PROTOTYPES = YES;
				CLANG_WARN_SUSPICIOUS_MOVE = YES;
				CLANG_WARN_UNGUARDED_AVAILABILITY = YES_AGGRESSIVE;
				CLANG_WARN_UNREACHABLE_CODE = YES;
				CLANG_WARN__DUPLICATE_METHOD_MATCH = YES;
				CODE_SIGN_IDENTITY = "-";
				COPY_PHASE_STRIP = NO;
				DEBUG_INFORMATION_FORMAT = dwarf;
				ENABLE_STRICT_OBJC_MSGSEND = YES;
				ENABLE_TESTABILITY = YES;
				GCC_C_LANGUAGE_STANDARD = gnu11;
				GCC_DYNAMIC_NO_PIC = NO;
				GCC_NO_COMMON_BLOCKS = YES;
				GCC_OPTIMIZATION_LEVEL = 0;
				GCC_PREPROCESSOR_DEFINITIONS = (
					"DEBUG=1",
					"$(inherited)",
				);
				GCC_WARN_64_TO_32_BIT_CONVERSION = YES;
				GCC_WARN_ABOUT_RETURN_TYPE = YES_ERROR;
				GCC_WARN_UNDECLARED_SELECTOR = YES;
				GCC_WARN_UNINITIALIZED_AUTOS = YES_AGGRESSIVE;
				GCC_WARN_UNUSED_FUNCTION = YES;
				GCC_WARN_UNUSED_VARIABLE = YES;
				MACOSX_DEPLOYMENT_TARGET = 10.12;
				MTL_ENABLE_DEBUG_INFO = YES;
				ONLY_ACTIVE_ARCH = YES;
				SDKROOT = macosx;
				SWIFT_ACTIVE_COMPILATION_CONDITIONS = DEBUG;
				SWIFT_OPTIMIZATION_LEVEL = "-Onone";
			};
			name = Debug;
		};
		CCDFC15E1FA71B6C00D69F4C /* Release */ = {
			isa = XCBuildConfiguration;
			buildSettings = {
				ALWAYS_SEARCH_USER_PATHS = NO;
				CLANG_ANALYZER_NONNULL = YES;
				CLANG_ANALYZER_NUMBER_OBJECT_CONVERSION = YES_AGGRESSIVE;
				CLANG_CXX_LANGUAGE_STANDARD = "gnu++14";
				CLANG_CXX_LIBRARY = "libc++";
				CLANG_ENABLE_MODULES = YES;
				CLANG_ENABLE_OBJC_ARC = YES;
				CLANG_WARN_BLOCK_CAPTURE_AUTORELEASING = YES;
				CLANG_WARN_BOOL_CONVERSION = YES;
				CLANG_WARN_COMMA = YES;
				CLANG_WARN_CONSTANT_CONVERSION = YES;
				CLANG_WARN_DIRECT_OBJC_ISA_USAGE = YES_ERROR;
				CLANG_WARN_DOCUMENTATION_COMMENTS = YES;
				CLANG_WARN_EMPTY_BODY = YES;
				CLANG_WARN_ENUM_CONVERSION = YES;
				CLANG_WARN_INFINITE_RECURSION = YES;
				CLANG_WARN_INT_CONVERSION = YES;
				CLANG_WARN_NON_LITERAL_NULL_CONVERSION = YES;
				CLANG_WARN_OBJC_LITERAL_CONVERSION = YES;
				CLANG_WARN_OBJC_ROOT_CLASS = YES_ERROR;
				CLANG_WARN_RANGE_LOOP_ANALYSIS = YES;
				CLANG_WARN_STRICT_PROTOTYPES = YES;
				CLANG_WARN_SUSPICIOUS_MOVE = YES;
				CLANG_WARN_UNGUARDED_AVAILABILITY = YES_AGGRESSIVE;
				CLANG_WARN_UNREACHABLE_CODE = YES;
				CLANG_WARN__DUPLICATE_METHOD_MATCH = YES;
				CODE_SIGN_IDENTITY = "-";
				COPY_PHASE_STRIP = NO;
				DEBUG_INFORMATION_FORMAT = "dwarf-with-dsym";
				ENABLE_NS_ASSERTIONS = NO;
				ENABLE_STRICT_OBJC_MSGSEND = YES;
				GCC_C_LANGUAGE_STANDARD = gnu11;
				GCC_NO_COMMON_BLOCKS = YES;
				GCC_WARN_64_TO_32_BIT_CONVERSION = YES;
				GCC_WARN_ABOUT_RETURN_TYPE = YES_ERROR;
				GCC_WARN_UNDECLARED_SELECTOR = YES;
				GCC_WARN_UNINITIALIZED_AUTOS = YES_AGGRESSIVE;
				GCC_WARN_UNUSED_FUNCTION = YES;
				GCC_WARN_UNUSED_VARIABLE = YES;
				MACOSX_DEPLOYMENT_TARGET = 10.12;
				MTL_ENABLE_DEBUG_INFO = NO;
				SDKROOT = macosx;
				SWIFT_OPTIMIZATION_LEVEL = "-Owholemodule";
			};
			name = Release;
		};
		CCDFC1601FA71B6C00D69F4C /* Debug */ = {
			isa = XCBuildConfiguration;
			buildSettings = {
				ASSETCATALOG_COMPILER_APPICON_NAME = AppIcon;
				CODE_SIGN_ENTITLEMENTS = "macOS-BeaconCenter/macOS_BeaconCenter.entitlements";
				CODE_SIGN_STYLE = Automatic;
				COMBINE_HIDPI_IMAGES = YES;
				INFOPLIST_FILE = "macOS-BeaconCenter/Info.plist";
				LD_RUNPATH_SEARCH_PATHS = "$(inherited) @executable_path/../Frameworks";
				PRODUCT_BUNDLE_IDENTIFIER = "jp.co.JchanKchan.macOS-BeaconCenter";
				PRODUCT_NAME = "$(TARGET_NAME)";
				SWIFT_VERSION = 4.0;
			};
			name = Debug;
		};
		CCDFC1611FA71B6C00D69F4C /* Release */ = {
			isa = XCBuildConfiguration;
			buildSettings = {
				ASSETCATALOG_COMPILER_APPICON_NAME = AppIcon;
				CODE_SIGN_ENTITLEMENTS = "macOS-BeaconCenter/macOS_BeaconCenter.entitlements";
				CODE_SIGN_STYLE = Automatic;
				COMBINE_HIDPI_IMAGES = YES;
				INFOPLIST_FILE = "macOS-BeaconCenter/Info.plist";
				LD_RUNPATH_SEARCH_PATHS = "$(inherited) @executable_path/../Frameworks";
				PRODUCT_BUNDLE_IDENTIFIER = "jp.co.JchanKchan.macOS-BeaconCenter";
				PRODUCT_NAME = "$(TARGET_NAME)";
				SWIFT_VERSION = 4.0;
			};
			name = Release;
		};
/* End XCBuildConfiguration section */

/* Begin XCConfigurationList section */
		CCDFC14A1FA71B6C00D69F4C /* Build configuration list for PBXProject "macOS-BeaconCenter" */ = {
			isa = XCConfigurationList;
			buildConfigurations = (
				CCDFC15D1FA71B6C00D69F4C /* Debug */,
				CCDFC15E1FA71B6C00D69F4C /* Release */,
			);
			defaultConfigurationIsVisible = 0;
			defaultConfigurationName = Release;
		};
		CCDFC15F1FA71B6C00D69F4C /* Build configuration list for PBXNativeTarget "macOS-BeaconCenter" */ = {
			isa = XCConfigurationList;
			buildConfigurations = (
				CCDFC1601FA71B6C00D69F4C /* Debug */,
				CCDFC1611FA71B6C00D69F4C /* Release */,
			);
			defaultConfigurationIsVisible = 0;
			defaultConfigurationName = Release;
		};
/* End XCConfigurationList section */
	};
	rootObject = CCDFC1471FA71B6C00D69F4C /* Project object */;
}
